
Microsoft Visual Studio Solution File, Format Version 12.00
# Visual Studio 2012
Project("{2150E333-8FDC-42A3-9474-1A3956D46DE8}") = "Data", "Data", "{43D48447-7E96-4327-9A4A-01BA4B8A9A8C}"
EndProject
Project("{2150E333-8FDC-42A3-9474-1A3956D46DE8}") = "Service", "Service", "{B3EEC2AF-C2E6-46A3-8F0F-BB99439E21C5}"
EndProject
Project("{2150E333-8FDC-42A3-9474-1A3956D46DE8}") = "Ui", "Ui", "{9752C7F9-F9C8-467B-89D3-B0E898C1AB1B}"
EndProject
Project("{2150E333-8FDC-42A3-9474-1A3956D46DE8}") = "Database", "Database", "{31124BFC-B24B-4ED0-B5E4-50F7B86F34ED}"
EndProject
Project("{2150E333-8FDC-42A3-9474-1A3956D46DE8}") = ".nuget", ".nuget", "{B8268A44-5E53-489D-A401-181F5F854EE4}"
	ProjectSection(SolutionItems) = preProject
		.nuget\NuGet.Config = .nuget\NuGet.Config
		.nuget\NuGet.exe = .nuget\NuGet.exe
		.nuget\NuGet.targets = .nuget\NuGet.targets
	EndProjectSection
EndProject
Project("{00D1A9C2-B5F0-4AF3-8072-F6C62B433612}") = "Crud", "Database\Crud\Crud.sqlproj", "{C0B505A2-23BC-4B25-BDA2-D2D55C01FAB4}"
EndProject
Project("{FAE04EC0-301F-11D3-BF4B-00C04F79EFBC}") = "Crud", "Services\Crud\Crud\Crud.csproj", "{C351FC7D-6142-443D-92AC-1BA17F4803ED}"
EndProject
Project("{FAE04EC0-301F-11D3-BF4B-00C04F79EFBC}") = "Employment", "Ui\Employment\Employment.csproj", "{49D9CC96-1CEF-4163-B0D9-F013DA67A52C}"
EndProject
Project("{FAE04EC0-301F-11D3-BF4B-00C04F79EFBC}") = "Data", "Data\Data.csproj", "{0112ED6F-9AC5-4F00-B24F-E60143D2788C}"
EndProject
Global
	GlobalSection(SolutionConfigurationPlatforms) = preSolution
		Debug|Any CPU = Debug|Any CPU
		Release|Any CPU = Release|Any CPU
	EndGlobalSection
	GlobalSection(ProjectConfigurationPlatforms) = postSolution
		{C0B505A2-23BC-4B25-BDA2-D2D55C01FAB4}.Debug|Any CPU.ActiveCfg = Debug|Any CPU
		{C0B505A2-23BC-4B25-BDA2-D2D55C01FAB4}.Debug|Any CPU.Build.0 = Debug|Any CPU
		{C0B505A2-23BC-4B25-BDA2-D2D55C01FAB4}.Debug|Any CPU.Deploy.0 = Debug|Any CPU
		{C0B505A2-23BC-4B25-BDA2-D2D55C01FAB4}.Release|Any CPU.ActiveCfg = Release|Any CPU
		{C0B505A2-23BC-4B25-BDA2-D2D55C01FAB4}.Release|Any CPU.Build.0 = Release|Any CPU
		{C0B505A2-23BC-4B25-BDA2-D2D55C01FAB4}.Release|Any CPU.Deploy.0 = Release|Any CPU
		{C351FC7D-6142-443D-92AC-1BA17F4803ED}.Debug|Any CPU.ActiveCfg = Debug|Any CPU
		{C351FC7D-6142-443D-92AC-1BA17F4803ED}.Debug|Any CPU.Build.0 = Debug|Any CPU
		{C351FC7D-6142-443D-92AC-1BA17F4803ED}.Release|Any CPU.ActiveCfg = Release|Any CPU
		{C351FC7D-6142-443D-92AC-1BA17F4803ED}.Release|Any CPU.Build.0 = Release|Any CPU
		{49D9CC96-1CEF-4163-B0D9-F013DA67A52C}.Debug|Any CPU.ActiveCfg = Debug|Any CPU
		{49D9CC96-1CEF-4163-B0D9-F013DA67A52C}.Debug|Any CPU.Build.0 = Debug|Any CPU
		{49D9CC96-1CEF-4163-B0D9-F013DA67A52C}.Release|Any CPU.ActiveCfg = Release|Any CPU
		{49D9CC96-1CEF-4163-B0D9-F013DA67A52C}.Release|Any CPU.Build.0 = Release|Any CPU
		{0112ED6F-9AC5-4F00-B24F-E60143D2788C}.Debug|Any CPU.ActiveCfg = Debug|Any CPU
		{0112ED6F-9AC5-4F00-B24F-E60143D2788C}.Debug|Any CPU.Build.0 = Debug|Any CPU
		{0112ED6F-9AC5-4F00-B24F-E60143D2788C}.Release|Any CPU.ActiveCfg = Release|Any CPU
		{0112ED6F-9AC5-4F00-B24F-E60143D2788C}.Release|Any CPU.Build.0 = Release|Any CPU
	EndGlobalSection
	GlobalSection(SolutionProperties) = preSolution
		HideSolutionNode = FALSE
	EndGlobalSection
	GlobalSection(NestedProjects) = preSolution
		{0112ED6F-9AC5-4F00-B24F-E60143D2788C} = {43D48447-7E96-4327-9A4A-01BA4B8A9A8C}
		{C351FC7D-6142-443D-92AC-1BA17F4803ED} = {B3EEC2AF-C2E6-46A3-8F0F-BB99439E21C5}
		{49D9CC96-1CEF-4163-B0D9-F013DA67A52C} = {9752C7F9-F9C8-467B-89D3-B0E898C1AB1B}
		{C0B505A2-23BC-4B25-BDA2-D2D55C01FAB4} = {31124BFC-B24B-4ED0-B5E4-50F7B86F34ED}
	EndGlobalSection
EndGlobal
